// !$*UTF8*$!
{
	archiveVersion = 1;
	classes = {
	};
	objectVersion = 55;
	objects = {

/* Begin PBXBuildFile section */
		80A4DCA87676E5A8B1729A30 /* Pods_Taskly.framework in Frameworks */ = {isa = PBXBuildFile; fileRef = 10146A1FAC006A0D6F485F33 /* Pods_Taskly.framework */; };
		8264002D28755CBB00CD7D93 /* NavigationBar.xib in Resources */ = {isa = PBXBuildFile; fileRef = 8264002C28755CBB00CD7D93 /* NavigationBar.xib */; };
		8264002F28755CE000CD7D93 /* NavigationBar.swift in Sources */ = {isa = PBXBuildFile; fileRef = 8264002E28755CE000CD7D93 /* NavigationBar.swift */; };
		826400312875787400CD7D93 /* CurveView.swift in Sources */ = {isa = PBXBuildFile; fileRef = 826400302875787400CD7D93 /* CurveView.swift */; };
		82A8095A2874693300562FCE /* CategoryCollectionViewCell.swift in Sources */ = {isa = PBXBuildFile; fileRef = 82A809582874693300562FCE /* CategoryCollectionViewCell.swift */; };
		82A8095B2874693300562FCE /* CategoryCollectionViewCell.xib in Resources */ = {isa = PBXBuildFile; fileRef = 82A809592874693300562FCE /* CategoryCollectionViewCell.xib */; };
		82C2A61C287440A000D3D5B5 /* AppDelegate.swift in Sources */ = {isa = PBXBuildFile; fileRef = 82C2A61B287440A000D3D5B5 /* AppDelegate.swift */; };
		82C2A61E287440A000D3D5B5 /* SceneDelegate.swift in Sources */ = {isa = PBXBuildFile; fileRef = 82C2A61D287440A000D3D5B5 /* SceneDelegate.swift */; };
		82C2A623287440A000D3D5B5 /* Main.storyboard in Resources */ = {isa = PBXBuildFile; fileRef = 82C2A621287440A000D3D5B5 /* Main.storyboard */; };
		82C2A626287440A000D3D5B5 /* Taskly.xcdatamodeld in Sources */ = {isa = PBXBuildFile; fileRef = 82C2A624287440A000D3D5B5 /* Taskly.xcdatamodeld */; };
		82C2A628287440A100D3D5B5 /* Assets.xcassets in Resources */ = {isa = PBXBuildFile; fileRef = 82C2A627287440A100D3D5B5 /* Assets.xcassets */; };
		82C2A62B287440A100D3D5B5 /* LaunchScreen.storyboard in Resources */ = {isa = PBXBuildFile; fileRef = 82C2A629287440A100D3D5B5 /* LaunchScreen.storyboard */; };
		82C2A637287442B200D3D5B5 /* AllTaskViewController.swift in Sources */ = {isa = PBXBuildFile; fileRef = 82C2A636287442B200D3D5B5 /* AllTaskViewController.swift */; };
		82C2A63A287444B600D3D5B5 /* StringConstant.swift in Sources */ = {isa = PBXBuildFile; fileRef = 82C2A639287444B600D3D5B5 /* StringConstant.swift */; };
		82C2A63E2874450D00D3D5B5 /* TaskTableViewCell.swift in Sources */ = {isa = PBXBuildFile; fileRef = 82C2A63C2874450D00D3D5B5 /* TaskTableViewCell.swift */; };
		82C2A63F2874450D00D3D5B5 /* TaskTableViewCell.xib in Resources */ = {isa = PBXBuildFile; fileRef = 82C2A63D2874450D00D3D5B5 /* TaskTableViewCell.xib */; };
		82C2A6442874496700D3D5B5 /* DateCollectionViewCell.swift in Sources */ = {isa = PBXBuildFile; fileRef = 82C2A6422874496700D3D5B5 /* DateCollectionViewCell.swift */; };
		82C2A6452874496700D3D5B5 /* DateCollectionViewCell.xib in Resources */ = {isa = PBXBuildFile; fileRef = 82C2A6432874496700D3D5B5 /* DateCollectionViewCell.xib */; };
		82C2A64728745E8400D3D5B5 /* NewTaskViewController.swift in Sources */ = {isa = PBXBuildFile; fileRef = 82C2A64628745E8400D3D5B5 /* NewTaskViewController.swift */; };
		82C2A64A287462D200D3D5B5 /* CustomTextField.swift in Sources */ = {isa = PBXBuildFile; fileRef = 82C2A649287462D200D3D5B5 /* CustomTextField.swift */; };
/* End PBXBuildFile section */

/* Begin PBXFileReference section */
		0DA87344D611AAFE0635E436 /* Pods-Taskly.debug.xcconfig */ = {isa = PBXFileReference; includeInIndex = 1; lastKnownFileType = text.xcconfig; name = "Pods-Taskly.debug.xcconfig"; path = "Target Support Files/Pods-Taskly/Pods-Taskly.debug.xcconfig"; sourceTree = "<group>"; };
		10146A1FAC006A0D6F485F33 /* Pods_Taskly.framework */ = {isa = PBXFileReference; explicitFileType = wrapper.framework; includeInIndex = 0; path = Pods_Taskly.framework; sourceTree = BUILT_PRODUCTS_DIR; };
		8264002C28755CBB00CD7D93 /* NavigationBar.xib */ = {isa = PBXFileReference; lastKnownFileType = file.xib; path = NavigationBar.xib; sourceTree = "<group>"; };
		8264002E28755CE000CD7D93 /* NavigationBar.swift */ = {isa = PBXFileReference; lastKnownFileType = sourcecode.swift; path = NavigationBar.swift; sourceTree = "<group>"; };
		826400302875787400CD7D93 /* CurveView.swift */ = {isa = PBXFileReference; lastKnownFileType = sourcecode.swift; path = CurveView.swift; sourceTree = "<group>"; };
		82A809582874693300562FCE /* CategoryCollectionViewCell.swift */ = {isa = PBXFileReference; fileEncoding = 4; lastKnownFileType = sourcecode.swift; path = CategoryCollectionViewCell.swift; sourceTree = "<group>"; };
		82A809592874693300562FCE /* CategoryCollectionViewCell.xib */ = {isa = PBXFileReference; fileEncoding = 4; lastKnownFileType = file.xib; path = CategoryCollectionViewCell.xib; sourceTree = "<group>"; };
		82C2A618287440A000D3D5B5 /* Taskly.app */ = {isa = PBXFileReference; explicitFileType = wrapper.application; includeInIndex = 0; path = Taskly.app; sourceTree = BUILT_PRODUCTS_DIR; };
		82C2A61B287440A000D3D5B5 /* AppDelegate.swift */ = {isa = PBXFileReference; lastKnownFileType = sourcecode.swift; path = AppDelegate.swift; sourceTree = "<group>"; };
		82C2A61D287440A000D3D5B5 /* SceneDelegate.swift */ = {isa = PBXFileReference; lastKnownFileType = sourcecode.swift; path = SceneDelegate.swift; sourceTree = "<group>"; };
		82C2A622287440A000D3D5B5 /* Base */ = {isa = PBXFileReference; lastKnownFileType = file.storyboard; name = Base; path = Base.lproj/Main.storyboard; sourceTree = "<group>"; };
		82C2A625287440A000D3D5B5 /* Taskly.xcdatamodel */ = {isa = PBXFileReference; lastKnownFileType = wrapper.xcdatamodel; path = Taskly.xcdatamodel; sourceTree = "<group>"; };
		82C2A627287440A100D3D5B5 /* Assets.xcassets */ = {isa = PBXFileReference; lastKnownFileType = folder.assetcatalog; path = Assets.xcassets; sourceTree = "<group>"; };
		82C2A62A287440A100D3D5B5 /* Base */ = {isa = PBXFileReference; lastKnownFileType = file.storyboard; name = Base; path = Base.lproj/LaunchScreen.storyboard; sourceTree = "<group>"; };
		82C2A62C287440A200D3D5B5 /* Info.plist */ = {isa = PBXFileReference; lastKnownFileType = text.plist.xml; path = Info.plist; sourceTree = "<group>"; };
		82C2A636287442B200D3D5B5 /* AllTaskViewController.swift */ = {isa = PBXFileReference; lastKnownFileType = sourcecode.swift; path = AllTaskViewController.swift; sourceTree = "<group>"; };
		82C2A639287444B600D3D5B5 /* StringConstant.swift */ = {isa = PBXFileReference; lastKnownFileType = sourcecode.swift; path = StringConstant.swift; sourceTree = "<group>"; };
		82C2A63C2874450D00D3D5B5 /* TaskTableViewCell.swift */ = {isa = PBXFileReference; lastKnownFileType = sourcecode.swift; path = TaskTableViewCell.swift; sourceTree = "<group>"; };
		82C2A63D2874450D00D3D5B5 /* TaskTableViewCell.xib */ = {isa = PBXFileReference; lastKnownFileType = file.xib; path = TaskTableViewCell.xib; sourceTree = "<group>"; };
		82C2A6422874496700D3D5B5 /* DateCollectionViewCell.swift */ = {isa = PBXFileReference; lastKnownFileType = sourcecode.swift; path = DateCollectionViewCell.swift; sourceTree = "<group>"; };
		82C2A6432874496700D3D5B5 /* DateCollectionViewCell.xib */ = {isa = PBXFileReference; lastKnownFileType = file.xib; path = DateCollectionViewCell.xib; sourceTree = "<group>"; };
		82C2A64628745E8400D3D5B5 /* NewTaskViewController.swift */ = {isa = PBXFileReference; lastKnownFileType = sourcecode.swift; path = NewTaskViewController.swift; sourceTree = "<group>"; };
		82C2A649287462D200D3D5B5 /* CustomTextField.swift */ = {isa = PBXFileReference; lastKnownFileType = sourcecode.swift; path = CustomTextField.swift; sourceTree = "<group>"; };
		8DCCDECCCF67C1329B136C32 /* Pods-Taskly.release.xcconfig */ = {isa = PBXFileReference; includeInIndex = 1; lastKnownFileType = text.xcconfig; name = "Pods-Taskly.release.xcconfig"; path = "Target Support Files/Pods-Taskly/Pods-Taskly.release.xcconfig"; sourceTree = "<group>"; };
/* End PBXFileReference section */

/* Begin PBXFrameworksBuildPhase section */
		82C2A615287440A000D3D5B5 /* Frameworks */ = {
			isa = PBXFrameworksBuildPhase;
			buildActionMask = 2147483647;
			files = (
				80A4DCA87676E5A8B1729A30 /* Pods_Taskly.framework in Frameworks */,
			);
			runOnlyForDeploymentPostprocessing = 0;
		};
/* End PBXFrameworksBuildPhase section */

/* Begin PBXGroup section */
		2A96FE23993E0800B8F24D06 /* Frameworks */ = {
			isa = PBXGroup;
			children = (
				10146A1FAC006A0D6F485F33 /* Pods_Taskly.framework */,
			);
			name = Frameworks;
			sourceTree = "<group>";
		};
		82640025287554E100CD7D93 /* NavigationBar */ = {
			isa = PBXGroup;
			children = (
				8264002E28755CE000CD7D93 /* NavigationBar.swift */,
				8264002C28755CBB00CD7D93 /* NavigationBar.xib */,
			);
			path = NavigationBar;
			sourceTree = "<group>";
		};
		82C2A60F287440A000D3D5B5 = {
			isa = PBXGroup;
			children = (
				82C2A61A287440A000D3D5B5 /* Taskly */,
				82C2A619287440A000D3D5B5 /* Products */,
				9AB309EBBBF8B4770FF356FC /* Pods */,
				2A96FE23993E0800B8F24D06 /* Frameworks */,
			);
			sourceTree = "<group>";
		};
		82C2A619287440A000D3D5B5 /* Products */ = {
			isa = PBXGroup;
			children = (
				82C2A618287440A000D3D5B5 /* Taskly.app */,
			);
			name = Products;
			sourceTree = "<group>";
		};
		82C2A61A287440A000D3D5B5 /* Taskly */ = {
			isa = PBXGroup;
			children = (
				82C2A632287441B600D3D5B5 /* Delegate */,
				82C2A6382874449700D3D5B5 /* Constant */,
				82C2A648287462B700D3D5B5 /* Parent */,
				82640025287554E100CD7D93 /* NavigationBar */,
				82C2A63B287444D700D3D5B5 /* Cell */,
				82C2A633287441C600D3D5B5 /* ViewController */,
				82C2A634287441D500D3D5B5 /* View */,
				82C2A635287441E300D3D5B5 /* Assets */,
				82C2A62C287440A200D3D5B5 /* Info.plist */,
				82C2A624287440A000D3D5B5 /* Taskly.xcdatamodeld */,
			);
			path = Taskly;
			sourceTree = "<group>";
		};
		82C2A632287441B600D3D5B5 /* Delegate */ = {
			isa = PBXGroup;
			children = (
				82C2A61B287440A000D3D5B5 /* AppDelegate.swift */,
				82C2A61D287440A000D3D5B5 /* SceneDelegate.swift */,
			);
			path = Delegate;
			sourceTree = "<group>";
		};
		82C2A633287441C600D3D5B5 /* ViewController */ = {
			isa = PBXGroup;
			children = (
				82C2A636287442B200D3D5B5 /* AllTaskViewController.swift */,
				82C2A64628745E8400D3D5B5 /* NewTaskViewController.swift */,
			);
			path = ViewController;
			sourceTree = "<group>";
		};
		82C2A634287441D500D3D5B5 /* View */ = {
			isa = PBXGroup;
			children = (
				82C2A621287440A000D3D5B5 /* Main.storyboard */,
				82C2A629287440A100D3D5B5 /* LaunchScreen.storyboard */,
			);
			path = View;
			sourceTree = "<group>";
		};
		82C2A635287441E300D3D5B5 /* Assets */ = {
			isa = PBXGroup;
			children = (
				82C2A627287440A100D3D5B5 /* Assets.xcassets */,
			);
			path = Assets;
			sourceTree = "<group>";
		};
		82C2A6382874449700D3D5B5 /* Constant */ = {
			isa = PBXGroup;
			children = (
				82C2A639287444B600D3D5B5 /* StringConstant.swift */,
			);
			path = Constant;
			sourceTree = "<group>";
		};
		82C2A63B287444D700D3D5B5 /* Cell */ = {
			isa = PBXGroup;
			children = (
				82C2A6402874492400D3D5B5 /* TaskTableViewCell */,
				82C2A6412874494100D3D5B5 /* DateCollectionView */,
			);
			path = Cell;
			sourceTree = "<group>";
		};
		82C2A6402874492400D3D5B5 /* TaskTableViewCell */ = {
			isa = PBXGroup;
			children = (
				82C2A63C2874450D00D3D5B5 /* TaskTableViewCell.swift */,
				82C2A63D2874450D00D3D5B5 /* TaskTableViewCell.xib */,
			);
			path = TaskTableViewCell;
			sourceTree = "<group>";
		};
		82C2A6412874494100D3D5B5 /* DateCollectionView */ = {
			isa = PBXGroup;
			children = (
				82C2A6422874496700D3D5B5 /* DateCollectionViewCell.swift */,
				82C2A6432874496700D3D5B5 /* DateCollectionViewCell.xib */,
				82C2A64F2874668800D3D5B5 /* CategoryCollectionView */,
			);
			path = DateCollectionView;
			sourceTree = "<group>";
		};
		82C2A648287462B700D3D5B5 /* Parent */ = {
			isa = PBXGroup;
			children = (
				82C2A649287462D200D3D5B5 /* CustomTextField.swift */,
				826400302875787400CD7D93 /* CurveView.swift */,
			);
			path = Parent;
			sourceTree = "<group>";
		};
		82C2A64F2874668800D3D5B5 /* CategoryCollectionView */ = {
			isa = PBXGroup;
			children = (
				82A809582874693300562FCE /* CategoryCollectionViewCell.swift */,
				82A809592874693300562FCE /* CategoryCollectionViewCell.xib */,
			);
			path = CategoryCollectionView;
			sourceTree = "<group>";
		};
		9AB309EBBBF8B4770FF356FC /* Pods */ = {
			isa = PBXGroup;
			children = (
				0DA87344D611AAFE0635E436 /* Pods-Taskly.debug.xcconfig */,
				8DCCDECCCF67C1329B136C32 /* Pods-Taskly.release.xcconfig */,
			);
			path = Pods;
			sourceTree = "<group>";
		};
/* End PBXGroup section */

/* Begin PBXNativeTarget section */
		82C2A617287440A000D3D5B5 /* Taskly */ = {
			isa = PBXNativeTarget;
			buildConfigurationList = 82C2A62F287440A200D3D5B5 /* Build configuration list for PBXNativeTarget "Taskly" */;
			buildPhases = (
				A56BCCE14A1A7A8E8BCFEB36 /* [CP] Check Pods Manifest.lock */,
				82C2A614287440A000D3D5B5 /* Sources */,
				82C2A615287440A000D3D5B5 /* Frameworks */,
				82C2A616287440A000D3D5B5 /* Resources */,
				A49208B67F341E08C0EBCE47 /* [CP] Embed Pods Frameworks */,
			);
			buildRules = (
			);
			dependencies = (
			);
			name = Taskly;
			productName = Taskly;
			productReference = 82C2A618287440A000D3D5B5 /* Taskly.app */;
			productType = "com.apple.product-type.application";
		};
/* End PBXNativeTarget section */

/* Begin PBXProject section */
		82C2A610287440A000D3D5B5 /* Project object */ = {
			isa = PBXProject;
			attributes = {
				BuildIndependentTargetsInParallel = 1;
				LastSwiftUpdateCheck = 1300;
				LastUpgradeCheck = 1300;
				TargetAttributes = {
					82C2A617287440A000D3D5B5 = {
						CreatedOnToolsVersion = 13.0;
					};
				};
			};
			buildConfigurationList = 82C2A613287440A000D3D5B5 /* Build configuration list for PBXProject "Taskly" */;
			compatibilityVersion = "Xcode 13.0";
			developmentRegion = en;
			hasScannedForEncodings = 0;
			knownRegions = (
				en,
				Base,
			);
			mainGroup = 82C2A60F287440A000D3D5B5;
			productRefGroup = 82C2A619287440A000D3D5B5 /* Products */;
			projectDirPath = "";
			projectRoot = "";
			targets = (
				82C2A617287440A000D3D5B5 /* Taskly */,
			);
		};
/* End PBXProject section */

/* Begin PBXResourcesBuildPhase section */
		82C2A616287440A000D3D5B5 /* Resources */ = {
			isa = PBXResourcesBuildPhase;
			buildActionMask = 2147483647;
			files = (
				82A8095B2874693300562FCE /* CategoryCollectionViewCell.xib in Resources */,
				82C2A63F2874450D00D3D5B5 /* TaskTableViewCell.xib in Resources */,
				82C2A62B287440A100D3D5B5 /* LaunchScreen.storyboard in Resources */,
				8264002D28755CBB00CD7D93 /* NavigationBar.xib in Resources */,
				82C2A628287440A100D3D5B5 /* Assets.xcassets in Resources */,
				82C2A6452874496700D3D5B5 /* DateCollectionViewCell.xib in Resources */,
				82C2A623287440A000D3D5B5 /* Main.storyboard in Resources */,
			);
			runOnlyForDeploymentPostprocessing = 0;
		};
/* End PBXResourcesBuildPhase section */

/* Begin PBXShellScriptBuildPhase section */
		A49208B67F341E08C0EBCE47 /* [CP] Embed Pods Frameworks */ = {
			isa = PBXShellScriptBuildPhase;
			buildActionMask = 2147483647;
			files = (
			);
			inputFileListPaths = (
				"${PODS_ROOT}/Target Support Files/Pods-Taskly/Pods-Taskly-frameworks-${CONFIGURATION}-input-files.xcfilelist",
			);
			name = "[CP] Embed Pods Frameworks";
			outputFileListPaths = (
				"${PODS_ROOT}/Target Support Files/Pods-Taskly/Pods-Taskly-frameworks-${CONFIGURATION}-output-files.xcfilelist",
			);
			runOnlyForDeploymentPostprocessing = 0;
			shellPath = /bin/sh;
			shellScript = "\"${PODS_ROOT}/Target Support Files/Pods-Taskly/Pods-Taskly-frameworks.sh\"\n";
			showEnvVarsInLog = 0;
		};
		A56BCCE14A1A7A8E8BCFEB36 /* [CP] Check Pods Manifest.lock */ = {
			isa = PBXShellScriptBuildPhase;
			buildActionMask = 2147483647;
			files = (
			);
			inputFileListPaths = (
			);
			inputPaths = (
				"${PODS_PODFILE_DIR_PATH}/Podfile.lock",
				"${PODS_ROOT}/Manifest.lock",
			);
			name = "[CP] Check Pods Manifest.lock";
			outputFileListPaths = (
			);
			outputPaths = (
				"$(DERIVED_FILE_DIR)/Pods-Taskly-checkManifestLockResult.txt",
			);
			runOnlyForDeploymentPostprocessing = 0;
			shellPath = /bin/sh;
			shellScript = "diff \"${PODS_PODFILE_DIR_PATH}/Podfile.lock\" \"${PODS_ROOT}/Manifest.lock\" > /dev/null\nif [ $? != 0 ] ; then\n    # print error to STDERR\n    echo \"error: The sandbox is not in sync with the Podfile.lock. Run 'pod install' or update your CocoaPods installation.\" >&2\n    exit 1\nfi\n# This output is used by Xcode 'outputs' to avoid re-running this script phase.\necho \"SUCCESS\" > \"${SCRIPT_OUTPUT_FILE_0}\"\n";
			showEnvVarsInLog = 0;
		};
/* End PBXShellScriptBuildPhase section */

/* Begin PBXSourcesBuildPhase section */
		82C2A614287440A000D3D5B5 /* Sources */ = {
			isa = PBXSourcesBuildPhase;
			buildActionMask = 2147483647;
			files = (
				82C2A637287442B200D3D5B5 /* AllTaskViewController.swift in Sources */,
				82C2A61C287440A000D3D5B5 /* AppDelegate.swift in Sources */,
				82C2A64728745E8400D3D5B5 /* NewTaskViewController.swift in Sources */,
				82C2A63E2874450D00D3D5B5 /* TaskTableViewCell.swift in Sources */,
				82C2A61E287440A000D3D5B5 /* SceneDelegate.swift in Sources */,
				8264002F28755CE000CD7D93 /* NavigationBar.swift in Sources */,
				826400312875787400CD7D93 /* CurveView.swift in Sources */,
				82C2A626287440A000D3D5B5 /* Taskly.xcdatamodeld in Sources */,
				82A8095A2874693300562FCE /* CategoryCollectionViewCell.swift in Sources */,
				82C2A63A287444B600D3D5B5 /* StringConstant.swift in Sources */,
				82C2A6442874496700D3D5B5 /* DateCollectionViewCell.swift in Sources */,
				82C2A64A287462D200D3D5B5 /* CustomTextField.swift in Sources */,
			);
			runOnlyForDeploymentPostprocessing = 0;
		};
/* End PBXSourcesBuildPhase section */

/* Begin PBXVariantGroup section */
		82C2A621287440A000D3D5B5 /* Main.storyboard */ = {
			isa = PBXVariantGroup;
			children = (
				82C2A622287440A000D3D5B5 /* Base */,
			);
			name = Main.storyboard;
			sourceTree = "<group>";
		};
		82C2A629287440A100D3D5B5 /* LaunchScreen.storyboard */ = {
			isa = PBXVariantGroup;
			children = (
				82C2A62A287440A100D3D5B5 /* Base */,
			);
			name = LaunchScreen.storyboard;
			sourceTree = "<group>";
		};
/* End PBXVariantGroup section */

/* Begin XCBuildConfiguration section */
		82C2A62D287440A200D3D5B5 /* Debug */ = {
			isa = XCBuildConfiguration;
			buildSettings = {
				ALWAYS_SEARCH_USER_PATHS = NO;
				CLANG_ANALYZER_NONNULL = YES;
				CLANG_ANALYZER_NUMBER_OBJECT_CONVERSION = YES_AGGRESSIVE;
				CLANG_CXX_LANGUAGE_STANDARD = "gnu++17";
				CLANG_CXX_LIBRARY = "libc++";
				CLANG_ENABLE_MODULES = YES;
				CLANG_ENABLE_OBJC_ARC = YES;
				CLANG_ENABLE_OBJC_WEAK = YES;
				CLANG_WARN_BLOCK_CAPTURE_AUTORELEASING = YES;
				CLANG_WARN_BOOL_CONVERSION = YES;
				CLANG_WARN_COMMA = YES;
				CLANG_WARN_CONSTANT_CONVERSION = YES;
				CLANG_WARN_DEPRECATED_OBJC_IMPLEMENTATIONS = YES;
				CLANG_WARN_DIRECT_OBJC_ISA_USAGE = YES_ERROR;
				CLANG_WARN_DOCUMENTATION_COMMENTS = YES;
				CLANG_WARN_EMPTY_BODY = YES;
				CLANG_WARN_ENUM_CONVERSION = YES;
				CLANG_WARN_INFINITE_RECURSION = YES;
				CLANG_WARN_INT_CONVERSION = YES;
				CLANG_WARN_NON_LITERAL_NULL_CONVERSION = YES;
				CLANG_WARN_OBJC_IMPLICIT_RETAIN_SELF = YES;
				CLANG_WARN_OBJC_LITERAL_CONVERSION = YES;
				CLANG_WARN_OBJC_ROOT_CLASS = YES_ERROR;
				CLANG_WARN_QUOTED_INCLUDE_IN_FRAMEWORK_HEADER = YES;
				CLANG_WARN_RANGE_LOOP_ANALYSIS = YES;
				CLANG_WARN_STRICT_PROTOTYPES = YES;
				CLANG_WARN_SUSPICIOUS_MOVE = YES;
				CLANG_WARN_UNGUARDED_AVAILABILITY = YES_AGGRESSIVE;
				CLANG_WARN_UNREACHABLE_CODE = YES;
				CLANG_WARN__DUPLICATE_METHOD_MATCH = YES;
				COPY_PHASE_STRIP = NO;
				DEBUG_INFORMATION_FORMAT = dwarf;
				ENABLE_STRICT_OBJC_MSGSEND = YES;
				ENABLE_TESTABILITY = YES;
				GCC_C_LANGUAGE_STANDARD = gnu11;
				GCC_DYNAMIC_NO_PIC = NO;
				GCC_NO_COMMON_BLOCKS = YES;
				GCC_OPTIMIZATION_LEVEL = 0;
				GCC_PREPROCESSOR_DEFINITIONS = (
					"DEBUG=1",
					"$(inherited)",
				);
				GCC_WARN_64_TO_32_BIT_CONVERSION = YES;
				GCC_WARN_ABOUT_RETURN_TYPE = YES_ERROR;
				GCC_WARN_UNDECLARED_SELECTOR = YES;
				GCC_WARN_UNINITIALIZED_AUTOS = YES_AGGRESSIVE;
				GCC_WARN_UNUSED_FUNCTION = YES;
				GCC_WARN_UNUSED_VARIABLE = YES;
				IPHONEOS_DEPLOYMENT_TARGET = 15.0;
				MTL_ENABLE_DEBUG_INFO = INCLUDE_SOURCE;
				MTL_FAST_MATH = YES;
				ONLY_ACTIVE_ARCH = YES;
				SDKROOT = iphoneos;
				SWIFT_ACTIVE_COMPILATION_CONDITIONS = DEBUG;
				SWIFT_OPTIMIZATION_LEVEL = "-Onone";
			};
			name = Debug;
		};
		82C2A62E287440A200D3D5B5 /* Release */ = {
			isa = XCBuildConfiguration;
			buildSettings = {
				ALWAYS_SEARCH_USER_PATHS = NO;
				CLANG_ANALYZER_NONNULL = YES;
				CLANG_ANALYZER_NUMBER_OBJECT_CONVERSION = YES_AGGRESSIVE;
				CLANG_CXX_LANGUAGE_STANDARD = "gnu++17";
				CLANG_CXX_LIBRARY = "libc++";
				CLANG_ENABLE_MODULES = YES;
				CLANG_ENABLE_OBJC_ARC = YES;
				CLANG_ENABLE_OBJC_WEAK = YES;
				CLANG_WARN_BLOCK_CAPTURE_AUTORELEASING = YES;
				CLANG_WARN_BOOL_CONVERSION = YES;
				CLANG_WARN_COMMA = YES;
				CLANG_WARN_CONSTANT_CONVERSION = YES;
				CLANG_WARN_DEPRECATED_OBJC_IMPLEMENTATIONS = YES;
				CLANG_WARN_DIRECT_OBJC_ISA_USAGE = YES_ERROR;
				CLANG_WARN_DOCUMENTATION_COMMENTS = YES;
				CLANG_WARN_EMPTY_BODY = YES;
				CLANG_WARN_ENUM_CONVERSION = YES;
				CLANG_WARN_INFINITE_RECURSION = YES;
				CLANG_WARN_INT_CONVERSION = YES;
				CLANG_WARN_NON_LITERAL_NULL_CONVERSION = YES;
				CLANG_WARN_OBJC_IMPLICIT_RETAIN_SELF = YES;
				CLANG_WARN_OBJC_LITERAL_CONVERSION = YES;
				CLANG_WARN_OBJC_ROOT_CLASS = YES_ERROR;
				CLANG_WARN_QUOTED_INCLUDE_IN_FRAMEWORK_HEADER = YES;
				CLANG_WARN_RANGE_LOOP_ANALYSIS = YES;
				CLANG_WARN_STRICT_PROTOTYPES = YES;
				CLANG_WARN_SUSPICIOUS_MOVE = YES;
				CLANG_WARN_UNGUARDED_AVAILABILITY = YES_AGGRESSIVE;
				CLANG_WARN_UNREACHABLE_CODE = YES;
				CLANG_WARN__DUPLICATE_METHOD_MATCH = YES;
				COPY_PHASE_STRIP = NO;
				DEBUG_INFORMATION_FORMAT = "dwarf-with-dsym";
				ENABLE_NS_ASSERTIONS = NO;
				ENABLE_STRICT_OBJC_MSGSEND = YES;
				GCC_C_LANGUAGE_STANDARD = gnu11;
				GCC_NO_COMMON_BLOCKS = YES;
				GCC_WARN_64_TO_32_BIT_CONVERSION = YES;
				GCC_WARN_ABOUT_RETURN_TYPE = YES_ERROR;
				GCC_WARN_UNDECLARED_SELECTOR = YES;
				GCC_WARN_UNINITIALIZED_AUTOS = YES_AGGRESSIVE;
				GCC_WARN_UNUSED_FUNCTION = YES;
				GCC_WARN_UNUSED_VARIABLE = YES;
				IPHONEOS_DEPLOYMENT_TARGET = 15.0;
				MTL_ENABLE_DEBUG_INFO = NO;
				MTL_FAST_MATH = YES;
				SDKROOT = iphoneos;
				SWIFT_COMPILATION_MODE = wholemodule;
				SWIFT_OPTIMIZATION_LEVEL = "-O";
				VALIDATE_PRODUCT = YES;
			};
			name = Release;
		};
		82C2A630287440A200D3D5B5 /* Debug */ = {
			isa = XCBuildConfiguration;
			baseConfigurationReference = 0DA87344D611AAFE0635E436 /* Pods-Taskly.debug.xcconfig */;
			buildSettings = {
				ASSETCATALOG_COMPILER_APPICON_NAME = AppIcon;
				ASSETCATALOG_COMPILER_GLOBAL_ACCENT_COLOR_NAME = AccentColor;
				CODE_SIGN_STYLE = Automatic;
				CURRENT_PROJECT_VERSION = 1;
				GENERATE_INFOPLIST_FILE = YES;
				INFOPLIST_FILE = Taskly/Info.plist;
				INFOPLIST_KEY_UIApplicationSupportsIndirectInputEvents = YES;
				INFOPLIST_KEY_UILaunchStoryboardName = LaunchScreen;
				INFOPLIST_KEY_UIMainStoryboardFile = Main;
				INFOPLIST_KEY_UISupportedInterfaceOrientations_iPad = "UIInterfaceOrientationPortrait UIInterfaceOrientationPortraitUpsideDown UIInterfaceOrientationLandscapeLeft UIInterfaceOrientationLandscapeRight";
				INFOPLIST_KEY_UISupportedInterfaceOrientations_iPhone = "UIInterfaceOrientationPortrait UIInterfaceOrientationLandscapeLeft UIInterfaceOrientationLandscapeRight";
				LD_RUNPATH_SEARCH_PATHS = (
					"$(inherited)",
					"@executable_path/Frameworks",
				);
				MARKETING_VERSION = 1.0;
				PRODUCT_BUNDLE_IDENTIFIER = pratice.Taskly;
				PRODUCT_NAME = "$(TARGET_NAME)";
				SWIFT_EMIT_LOC_STRINGS = YES;
				SWIFT_VERSION = 5.0;
				TARGETED_DEVICE_FAMILY = "1,2";
			};
			name = Debug;
		};
		82C2A631287440A200D3D5B5 /* Release */ = {
			isa = XCBuildConfiguration;
			baseConfigurationReference = 8DCCDECCCF67C1329B136C32 /* Pods-Taskly.release.xcconfig */;
			buildSettings = {
				ASSETCATALOG_COMPILER_APPICON_NAME = AppIcon;
				ASSETCATALOG_COMPILER_GLOBAL_ACCENT_COLOR_NAME = AccentColor;
				CODE_SIGN_STYLE = Automatic;
				CURRENT_PROJECT_VERSION = 1;
				GENERATE_INFOPLIST_FILE = YES;
				INFOPLIST_FILE = Taskly/Info.plist;
				INFOPLIST_KEY_UIApplicationSupportsIndirectInputEvents = YES;
				INFOPLIST_KEY_UILaunchStoryboardName = LaunchScreen;
				INFOPLIST_KEY_UIMainStoryboardFile = Main;
				INFOPLIST_KEY_UISupportedInterfaceOrientations_iPad = "UIInterfaceOrientationPortrait UIInterfaceOrientationPortraitUpsideDown UIInterfaceOrientationLandscapeLeft UIInterfaceOrientationLandscapeRight";
				INFOPLIST_KEY_UISupportedInterfaceOrientations_iPhone = "UIInterfaceOrientationPortrait UIInterfaceOrientationLandscapeLeft UIInterfaceOrientationLandscapeRight";
				LD_RUNPATH_SEARCH_PATHS = (
					"$(inherited)",
					"@executable_path/Frameworks",
				);
				MARKETING_VERSION = 1.0;
				PRODUCT_BUNDLE_IDENTIFIER = pratice.Taskly;
				PRODUCT_NAME = "$(TARGET_NAME)";
				SWIFT_EMIT_LOC_STRINGS = YES;
				SWIFT_VERSION = 5.0;
				TARGETED_DEVICE_FAMILY = "1,2";
			};
			name = Release;
		};
/* End XCBuildConfiguration section */

/* Begin XCConfigurationList section */
		82C2A613287440A000D3D5B5 /* Build configuration list for PBXProject "Taskly" */ = {
			isa = XCConfigurationList;
			buildConfigurations = (
				82C2A62D287440A200D3D5B5 /* Debug */,
				82C2A62E287440A200D3D5B5 /* Release */,
			);
			defaultConfigurationIsVisible = 0;
			defaultConfigurationName = Release;
		};
		82C2A62F287440A200D3D5B5 /* Build configuration list for PBXNativeTarget "Taskly" */ = {
			isa = XCConfigurationList;
			buildConfigurations = (
				82C2A630287440A200D3D5B5 /* Debug */,
				82C2A631287440A200D3D5B5 /* Release */,
			);
			defaultConfigurationIsVisible = 0;
			defaultConfigurationName = Release;
		};
/* End XCConfigurationList section */

/* Begin XCVersionGroup section */
		82C2A624287440A000D3D5B5 /* Taskly.xcdatamodeld */ = {
			isa = XCVersionGroup;
			children = (
				82C2A625287440A000D3D5B5 /* Taskly.xcdatamodel */,
			);
			currentVersion = 82C2A625287440A000D3D5B5 /* Taskly.xcdatamodel */;
			path = Taskly.xcdatamodeld;
			sourceTree = "<group>";
			versionGroupType = wrapper.xcdatamodel;
		};
/* End XCVersionGroup section */
	};
	rootObject = 82C2A610287440A000D3D5B5 /* Project object */;
}
